
Microsoft Visual Studio Solution File, Format Version 12.00
# Visual Studio Version 17
VisualStudioVersion = 17.8.34330.188
MinimumVisualStudioVersion = 10.0.40219.1
Project("{FAE04EC0-301F-11D3-BF4B-00C04F79EFBC}") = "BasicServer", "BasicServer\BasicServer.csproj", "{46FC45C1-D600-4DAE-811F-F5FED45B561F}"
EndProject
Project("{FAE04EC0-301F-11D3-BF4B-00C04F79EFBC}") = "BasicClient", "BasicClient\BasicClient.csproj", "{C855747E-042E-42EA-A2EA-988A07D45E78}"
EndProject
Project("{9A19103F-16F7-4668-BE54-9A1E7A4F7556}") = "Packages", "Packages\Packages.csproj", "{1D67DC55-2D20-4DAD-AF3F-1DDCB9F3EA4E}"
EndProject
Project("{9A19103F-16F7-4668-BE54-9A1E7A4F7556}") = "ClientBase", "Client\ClientBase.csproj", "{4A1B32AB-DE4B-4FD4-9E8B-9E67FBA5B75C}"
EndProject
Project("{9A19103F-16F7-4668-BE54-9A1E7A4F7556}") = "ServerBase", "Server\ServerBase.csproj", "{2471E198-B3A5-420F-8739-907569B6A3EE}"
EndProject
Global
	GlobalSection(SolutionConfigurationPlatforms) = preSolution
		Debug|Any CPU = Debug|Any CPU
		Release|Any CPU = Release|Any CPU
	EndGlobalSection
	GlobalSection(ProjectConfigurationPlatforms) = postSolution
		{46FC45C1-D600-4DAE-811F-F5FED45B561F}.Debug|Any CPU.ActiveCfg = Debug|Any CPU
		{46FC45C1-D600-4DAE-811F-F5FED45B561F}.Debug|Any CPU.Build.0 = Debug|Any CPU
		{46FC45C1-D600-4DAE-811F-F5FED45B561F}.Release|Any CPU.ActiveCfg = Release|Any CPU
		{46FC45C1-D600-4DAE-811F-F5FED45B561F}.Release|Any CPU.Build.0 = Release|Any CPU
		{C855747E-042E-42EA-A2EA-988A07D45E78}.Debug|Any CPU.ActiveCfg = Debug|Any CPU
		{C855747E-042E-42EA-A2EA-988A07D45E78}.Debug|Any CPU.Build.0 = Debug|Any CPU
		{C855747E-042E-42EA-A2EA-988A07D45E78}.Release|Any CPU.ActiveCfg = Release|Any CPU
		{C855747E-042E-42EA-A2EA-988A07D45E78}.Release|Any CPU.Build.0 = Release|Any CPU
		{1D67DC55-2D20-4DAD-AF3F-1DDCB9F3EA4E}.Debug|Any CPU.ActiveCfg = Debug|Any CPU
		{1D67DC55-2D20-4DAD-AF3F-1DDCB9F3EA4E}.Debug|Any CPU.Build.0 = Debug|Any CPU
		{1D67DC55-2D20-4DAD-AF3F-1DDCB9F3EA4E}.Release|Any CPU.ActiveCfg = Release|Any CPU
		{1D67DC55-2D20-4DAD-AF3F-1DDCB9F3EA4E}.Release|Any CPU.Build.0 = Release|Any CPU
		{4A1B32AB-DE4B-4FD4-9E8B-9E67FBA5B75C}.Debug|Any CPU.ActiveCfg = Debug|Any CPU
		{4A1B32AB-DE4B-4FD4-9E8B-9E67FBA5B75C}.Debug|Any CPU.Build.0 = Debug|Any CPU
		{4A1B32AB-DE4B-4FD4-9E8B-9E67FBA5B75C}.Release|Any CPU.ActiveCfg = Release|Any CPU
		{4A1B32AB-DE4B-4FD4-9E8B-9E67FBA5B75C}.Release|Any CPU.Build.0 = Release|Any CPU
		{2471E198-B3A5-420F-8739-907569B6A3EE}.Debug|Any CPU.ActiveCfg = Debug|Any CPU
		{2471E198-B3A5-420F-8739-907569B6A3EE}.Debug|Any CPU.Build.0 = Debug|Any CPU
		{2471E198-B3A5-420F-8739-907569B6A3EE}.Release|Any CPU.ActiveCfg = Release|Any CPU
		{2471E198-B3A5-420F-8739-907569B6A3EE}.Release|Any CPU.Build.0 = Release|Any CPU
	EndGlobalSection
	GlobalSection(SolutionProperties) = preSolution
		HideSolutionNode = FALSE
	EndGlobalSection
	GlobalSection(ExtensibilityGlobals) = postSolution
		SolutionGuid = {AB20AC89-ACD1-49AD-B41B-0C44978950DC}
	EndGlobalSection
EndGlobal
